
Microsoft Visual Studio Solution File, Format Version 12.00
# Visual Studio Version 16
VisualStudioVersion = 16.0.810.10
MinimumVisualStudioVersion = 10.0.40219.1
Project("{FAE04EC0-301F-11D3-BF4B-00C04F79EFBC}") = "Ex1Hello", "CSharpBasicExercises\Ex1Hello.csproj", "{EC7D9DAB-4242-4D83-808C-7E74B83AE856}"
EndProject
Project("{FAE04EC0-301F-11D3-BF4B-00C04F79EFBC}") = "Ex2SUmTwoNumbers", "Exercise2\Ex2SUmTwoNumbers.csproj", "{FC35B20D-0A71-454F-9DC3-0E040BF1C585}"
EndProject
Project("{FAE04EC0-301F-11D3-BF4B-00C04F79EFBC}") = "Ex3DividingTwoNumbers", "DividingTwoNumbers\Ex3DividingTwoNumbers.csproj", "{106B0063-B203-4813-8BEA-47AFE887AFAF}"
EndProject
Project("{FAE04EC0-301F-11D3-BF4B-00C04F79EFBC}") = "Ex4SpecifiedOperation", "Ex4SpecificOperation\Ex4SpecifiedOperation.csproj", "{C0C7E5FD-BA56-480B-A3E1-5F015950BF12}"
EndProject
Project("{FAE04EC0-301F-11D3-BF4B-00C04F79EFBC}") = "Ex5SwapTwoNumber", "Ex5SwapTwoNumber\Ex5SwapTwoNumber.csproj", "{D7D4D7BA-0F44-4911-A976-031C009D0572}"
EndProject
Project("{FAE04EC0-301F-11D3-BF4B-00C04F79EFBC}") = "Ex6MultiplicationThreeNumbers", "Ex6MultiplicationThreeNumbers\Ex6MultiplicationThreeNumbers.csproj", "{AB6A2553-BE3D-4C2D-A275-59C321CD9A74}"
EndProject
Project("{FAE04EC0-301F-11D3-BF4B-00C04F79EFBC}") = "Ex7MathOperations", "Ex7MathOperations\Ex7MathOperations.csproj", "{3831DDFE-C3C3-472D-A839-9032E8BC123F}"
EndProject
Project("{FAE04EC0-301F-11D3-BF4B-00C04F79EFBC}") = "Ex8MultiplicationTable", "Ex8MultiplicationTable\Ex8MultiplicationTable.csproj", "{B9D30DD5-540D-4F44-A935-662044124ACC}"
EndProject
Project("{FAE04EC0-301F-11D3-BF4B-00C04F79EFBC}") = "Ex9Average", "Ex9Average\Ex9Average.csproj", "{C8CC797F-317D-42A2-A345-1EC7B6249055}"
EndProject
Project("{FAE04EC0-301F-11D3-BF4B-00C04F79EFBC}") = "Ex10ThreeNumbersExpression", "Ex10ThreeNumbersExpression\Ex10ThreeNumbersExpression.csproj", "{A00CD8ED-ED72-4C1C-AE87-E2482CFF7E8E}"
EndProject
Global
	GlobalSection(SolutionConfigurationPlatforms) = preSolution
		Debug|Any CPU = Debug|Any CPU
		Release|Any CPU = Release|Any CPU
	EndGlobalSection
	GlobalSection(ProjectConfigurationPlatforms) = postSolution
		{EC7D9DAB-4242-4D83-808C-7E74B83AE856}.Debug|Any CPU.ActiveCfg = Debug|Any CPU
		{EC7D9DAB-4242-4D83-808C-7E74B83AE856}.Debug|Any CPU.Build.0 = Debug|Any CPU
		{EC7D9DAB-4242-4D83-808C-7E74B83AE856}.Release|Any CPU.ActiveCfg = Release|Any CPU
		{EC7D9DAB-4242-4D83-808C-7E74B83AE856}.Release|Any CPU.Build.0 = Release|Any CPU
		{FC35B20D-0A71-454F-9DC3-0E040BF1C585}.Debug|Any CPU.ActiveCfg = Debug|Any CPU
		{FC35B20D-0A71-454F-9DC3-0E040BF1C585}.Debug|Any CPU.Build.0 = Debug|Any CPU
		{FC35B20D-0A71-454F-9DC3-0E040BF1C585}.Release|Any CPU.ActiveCfg = Release|Any CPU
		{FC35B20D-0A71-454F-9DC3-0E040BF1C585}.Release|Any CPU.Build.0 = Release|Any CPU
		{106B0063-B203-4813-8BEA-47AFE887AFAF}.Debug|Any CPU.ActiveCfg = Debug|Any CPU
		{106B0063-B203-4813-8BEA-47AFE887AFAF}.Debug|Any CPU.Build.0 = Debug|Any CPU
		{106B0063-B203-4813-8BEA-47AFE887AFAF}.Release|Any CPU.ActiveCfg = Release|Any CPU
		{106B0063-B203-4813-8BEA-47AFE887AFAF}.Release|Any CPU.Build.0 = Release|Any CPU
		{C0C7E5FD-BA56-480B-A3E1-5F015950BF12}.Debug|Any CPU.ActiveCfg = Debug|Any CPU
		{C0C7E5FD-BA56-480B-A3E1-5F015950BF12}.Debug|Any CPU.Build.0 = Debug|Any CPU
		{C0C7E5FD-BA56-480B-A3E1-5F015950BF12}.Release|Any CPU.ActiveCfg = Release|Any CPU
		{C0C7E5FD-BA56-480B-A3E1-5F015950BF12}.Release|Any CPU.Build.0 = Release|Any CPU
		{D7D4D7BA-0F44-4911-A976-031C009D0572}.Debug|Any CPU.ActiveCfg = Debug|Any CPU
		{D7D4D7BA-0F44-4911-A976-031C009D0572}.Debug|Any CPU.Build.0 = Debug|Any CPU
		{D7D4D7BA-0F44-4911-A976-031C009D0572}.Release|Any CPU.ActiveCfg = Release|Any CPU
		{D7D4D7BA-0F44-4911-A976-031C009D0572}.Release|Any CPU.Build.0 = Release|Any CPU
		{AB6A2553-BE3D-4C2D-A275-59C321CD9A74}.Debug|Any CPU.ActiveCfg = Debug|Any CPU
		{AB6A2553-BE3D-4C2D-A275-59C321CD9A74}.Debug|Any CPU.Build.0 = Debug|Any CPU
		{AB6A2553-BE3D-4C2D-A275-59C321CD9A74}.Release|Any CPU.ActiveCfg = Release|Any CPU
		{AB6A2553-BE3D-4C2D-A275-59C321CD9A74}.Release|Any CPU.Build.0 = Release|Any CPU
		{3831DDFE-C3C3-472D-A839-9032E8BC123F}.Debug|Any CPU.ActiveCfg = Debug|Any CPU
		{3831DDFE-C3C3-472D-A839-9032E8BC123F}.Debug|Any CPU.Build.0 = Debug|Any CPU
		{3831DDFE-C3C3-472D-A839-9032E8BC123F}.Release|Any CPU.ActiveCfg = Release|Any CPU
		{3831DDFE-C3C3-472D-A839-9032E8BC123F}.Release|Any CPU.Build.0 = Release|Any CPU
		{B9D30DD5-540D-4F44-A935-662044124ACC}.Debug|Any CPU.ActiveCfg = Debug|Any CPU
		{B9D30DD5-540D-4F44-A935-662044124ACC}.Debug|Any CPU.Build.0 = Debug|Any CPU
		{B9D30DD5-540D-4F44-A935-662044124ACC}.Release|Any CPU.ActiveCfg = Release|Any CPU
		{B9D30DD5-540D-4F44-A935-662044124ACC}.Release|Any CPU.Build.0 = Release|Any CPU
		{C8CC797F-317D-42A2-A345-1EC7B6249055}.Debug|Any CPU.ActiveCfg = Debug|Any CPU
		{C8CC797F-317D-42A2-A345-1EC7B6249055}.Debug|Any CPU.Build.0 = Debug|Any CPU
		{C8CC797F-317D-42A2-A345-1EC7B6249055}.Release|Any CPU.ActiveCfg = Release|Any CPU
		{C8CC797F-317D-42A2-A345-1EC7B6249055}.Release|Any CPU.Build.0 = Release|Any CPU
		{A00CD8ED-ED72-4C1C-AE87-E2482CFF7E8E}.Debug|Any CPU.ActiveCfg = Debug|Any CPU
		{A00CD8ED-ED72-4C1C-AE87-E2482CFF7E8E}.Debug|Any CPU.Build.0 = Debug|Any CPU
		{A00CD8ED-ED72-4C1C-AE87-E2482CFF7E8E}.Release|Any CPU.ActiveCfg = Release|Any CPU
		{A00CD8ED-ED72-4C1C-AE87-E2482CFF7E8E}.Release|Any CPU.Build.0 = Release|Any CPU
	EndGlobalSection
	GlobalSection(SolutionProperties) = preSolution
		HideSolutionNode = FALSE
	EndGlobalSection
	GlobalSection(ExtensibilityGlobals) = postSolution
		SolutionGuid = {DA5DF244-F5D2-4D19-B6F6-94845A2828D3}
	EndGlobalSection
EndGlobal
